
Microsoft Visual Studio Solution File, Format Version 12.00
# Visual Studio Version 17
VisualStudioVersion = 17.10.35027.167
MinimumVisualStudioVersion = 10.0.40219.1
Project("{9A19103F-16F7-4668-BE54-9A1E7A4F7556}") = "SpellingApp.Server", "SpellingApp.Server\SpellingApp.Server.csproj", "{46E902A9-0595-4AE9-925F-B6BC00DA3B00}"
EndProject
Project("{54A90642-561A-4BB1-A94E-469ADEE60C69}") = "spellingapp.client", "spellingapp.client\spellingapp.client.esproj", "{BCDC727A-7BD5-4715-96DA-701273CE4DB1}"
EndProject
Project("{2150E333-8FDC-42A3-9474-1A3956D46DE8}") = "Solution Items", "Solution Items", "{6A33C215-9EBE-4B20-A1A3-FAB8043876AD}"
	ProjectSection(SolutionItems) = preProject
		Todo.txt = Todo.txt
	EndProjectSection
EndProject
Global
	GlobalSection(SolutionConfigurationPlatforms) = preSolution
		Debug|Any CPU = Debug|Any CPU
		Release|Any CPU = Release|Any CPU
	EndGlobalSection
	GlobalSection(ProjectConfigurationPlatforms) = postSolution
		{46E902A9-0595-4AE9-925F-B6BC00DA3B00}.Debug|Any CPU.ActiveCfg = Debug|Any CPU
		{46E902A9-0595-4AE9-925F-B6BC00DA3B00}.Debug|Any CPU.Build.0 = Debug|Any CPU
		{46E902A9-0595-4AE9-925F-B6BC00DA3B00}.Release|Any CPU.ActiveCfg = Release|Any CPU
		{46E902A9-0595-4AE9-925F-B6BC00DA3B00}.Release|Any CPU.Build.0 = Release|Any CPU
		{BCDC727A-7BD5-4715-96DA-701273CE4DB1}.Debug|Any CPU.ActiveCfg = Debug|Any CPU
		{BCDC727A-7BD5-4715-96DA-701273CE4DB1}.Debug|Any CPU.Build.0 = Debug|Any CPU
		{BCDC727A-7BD5-4715-96DA-701273CE4DB1}.Debug|Any CPU.Deploy.0 = Debug|Any CPU
		{BCDC727A-7BD5-4715-96DA-701273CE4DB1}.Release|Any CPU.ActiveCfg = Release|Any CPU
		{BCDC727A-7BD5-4715-96DA-701273CE4DB1}.Release|Any CPU.Build.0 = Release|Any CPU
		{BCDC727A-7BD5-4715-96DA-701273CE4DB1}.Release|Any CPU.Deploy.0 = Release|Any CPU
	EndGlobalSection
	GlobalSection(SolutionProperties) = preSolution
		HideSolutionNode = FALSE
	EndGlobalSection
	GlobalSection(ExtensibilityGlobals) = postSolution
		SolutionGuid = {C0DEBA3B-E72A-4C2E-85E8-86EC04A3CB39}
	EndGlobalSection
EndGlobal
